// !$*UTF8*$!
{
	archiveVersion = 1;
	classes = {
	};
	objectVersion = 51;
	objects = {

/* Begin PBXBuildFile section */
		1C728ADE7B187F6F0EE90D59 /* Pods_testapp_stb.framework in Frameworks */ = {isa = PBXBuildFile; fileRef = 7C8D4E0EC1153B3DB150E0A0 /* Pods_testapp_stb.framework */; };
		FE41AC552533733D00297D53 /* AppDelegate.swift in Sources */ = {isa = PBXBuildFile; fileRef = FE41AC542533733D00297D53 /* AppDelegate.swift */; };
		FE41AC572533733D00297D53 /* SceneDelegate.swift in Sources */ = {isa = PBXBuildFile; fileRef = FE41AC562533733D00297D53 /* SceneDelegate.swift */; };
		FE41AC5E2533733F00297D53 /* Assets.xcassets in Resources */ = {isa = PBXBuildFile; fileRef = FE41AC5D2533733F00297D53 /* Assets.xcassets */; };
		FE41AC6C2533733F00297D53 /* testapp_stbTests.swift in Sources */ = {isa = PBXBuildFile; fileRef = FE41AC6B2533733F00297D53 /* testapp_stbTests.swift */; };
		FE41AC772533733F00297D53 /* testapp_stbUITests.swift in Sources */ = {isa = PBXBuildFile; fileRef = FE41AC762533733F00297D53 /* testapp_stbUITests.swift */; };
		FE5829D5253D80E300D38C0C /* HomeViewController.xib in Resources */ = {isa = PBXBuildFile; fileRef = FE5829D4253D80E300D38C0C /* HomeViewController.xib */; };
		FE5829DA253D876A00D38C0C /* ResultViewController.xib in Resources */ = {isa = PBXBuildFile; fileRef = FE5829D9253D876A00D38C0C /* ResultViewController.xib */; };
		FE582A082540221200D38C0C /* TabBarViewController.swift in Sources */ = {isa = PBXBuildFile; fileRef = FE582A072540221200D38C0C /* TabBarViewController.swift */; };
		FE582A1025403D4D00D38C0C /* HistoryViewController.swift in Sources */ = {isa = PBXBuildFile; fileRef = FE582A0F25403D4D00D38C0C /* HistoryViewController.swift */; };
		FE582A1525405F2000D38C0C /* CardInputView.xib in Resources */ = {isa = PBXBuildFile; fileRef = FE582A1425405F1F00D38C0C /* CardInputView.xib */; };
		FE582A1A25405F3400D38C0C /* CardInputView.swift in Sources */ = {isa = PBXBuildFile; fileRef = FE582A1925405F3300D38C0C /* CardInputView.swift */; };
		FE582A2C254075C000D38C0C /* BaseViewXib.swift in Sources */ = {isa = PBXBuildFile; fileRef = FE582A2B254075C000D38C0C /* BaseViewXib.swift */; };
		FE582A3125407CFD00D38C0C /* HandInputView.swift in Sources */ = {isa = PBXBuildFile; fileRef = FE582A3025407CFD00D38C0C /* HandInputView.swift */; };
		FE582A3625407D0800D38C0C /* HandInputView.xib in Resources */ = {isa = PBXBuildFile; fileRef = FE582A3525407D0800D38C0C /* HandInputView.xib */; };
		FE854ED42541A2C800DD215F /* HandHistoryView.swift in Sources */ = {isa = PBXBuildFile; fileRef = FE854ED32541A2C800DD215F /* HandHistoryView.swift */; };
		FE854ED92541A2F400DD215F /* HandHistoryView.xib in Resources */ = {isa = PBXBuildFile; fileRef = FE854ED82541A2F400DD215F /* HandHistoryView.xib */; };
		FE854EDE2541A6D300DD215F /* HandResultView.swift in Sources */ = {isa = PBXBuildFile; fileRef = FE854EDD2541A6D300DD215F /* HandResultView.swift */; };
		FE854EE32541A6ED00DD215F /* HandResultView.xib in Resources */ = {isa = PBXBuildFile; fileRef = FE854EE22541A6ED00DD215F /* HandResultView.xib */; };
		FE854EEA2541B4DB00DD215F /* HistoryViewController.xib in Resources */ = {isa = PBXBuildFile; fileRef = FE854EE92541B4DB00DD215F /* HistoryViewController.xib */; };
		FE854EEF2545CF7E00DD215F /* Response + Request.swift in Sources */ = {isa = PBXBuildFile; fileRef = FE854EEE2545CF7E00DD215F /* Response + Request.swift */; };
		FE854EFB2545F24200DD215F /* Extension.swift in Sources */ = {isa = PBXBuildFile; fileRef = FE854EFA2545F24100DD215F /* Extension.swift */; };
		FE854F072546195100DD215F /* ApiRouter.swift in Sources */ = {isa = PBXBuildFile; fileRef = FE854F062546195100DD215F /* ApiRouter.swift */; };
		FE854F1A2546B61000DD215F /* MGConnection.swift in Sources */ = {isa = PBXBuildFile; fileRef = FE854F192546B61000DD215F /* MGConnection.swift */; };
		FE854F232546B71F00DD215F /* BaseResponseError.swift in Sources */ = {isa = PBXBuildFile; fileRef = FE854F222546B71F00DD215F /* BaseResponseError.swift */; };
		FE854F382546E61E00DD215F /* HttpStatus.swift in Sources */ = {isa = PBXBuildFile; fileRef = FE854F372546E61E00DD215F /* HttpStatus.swift */; };
		FE854F572547188800DD215F /* Card.swift in Sources */ = {isa = PBXBuildFile; fileRef = FE854F562547188800DD215F /* Card.swift */; };
		FE854F5F25471C2D00DD215F /* RealmManager.swift in Sources */ = {isa = PBXBuildFile; fileRef = FE854F5E25471C2D00DD215F /* RealmManager.swift */; };
		FE93575925416A7800BA41D2 /* Colors.swift in Sources */ = {isa = PBXBuildFile; fileRef = FE93575825416A7800BA41D2 /* Colors.swift */; };
		FEA46E4325346F6B0004571C /* ResultViewController.swift in Sources */ = {isa = PBXBuildFile; fileRef = FEA46E4225346F6B0004571C /* ResultViewController.swift */; };
		FEA46E57253491760004571C /* HomeViewController.swift in Sources */ = {isa = PBXBuildFile; fileRef = FEA46E56253491760004571C /* HomeViewController.swift */; };
		FECAFA96254AB270009839D5 /* NavigationBarView.swift in Sources */ = {isa = PBXBuildFile; fileRef = FECAFA95254AB26F009839D5 /* NavigationBarView.swift */; };
		FECAFAA3254AB39A009839D5 /* NavigationBarView.xib in Resources */ = {isa = PBXBuildFile; fileRef = FECAFAA2254AB39A009839D5 /* NavigationBarView.xib */; };
/* End PBXBuildFile section */

/* Begin PBXContainerItemProxy section */
		FE41AC682533733F00297D53 /* PBXContainerItemProxy */ = {
			isa = PBXContainerItemProxy;
			containerPortal = FE41AC492533733D00297D53 /* Project object */;
			proxyType = 1;
			remoteGlobalIDString = FE41AC502533733D00297D53;
			remoteInfo = testapp_stb;
		};
		FE41AC732533733F00297D53 /* PBXContainerItemProxy */ = {
			isa = PBXContainerItemProxy;
			containerPortal = FE41AC492533733D00297D53 /* Project object */;
			proxyType = 1;
			remoteGlobalIDString = FE41AC502533733D00297D53;
			remoteInfo = testapp_stb;
		};
/* End PBXContainerItemProxy section */

/* Begin PBXFileReference section */
		7C8D4E0EC1153B3DB150E0A0 /* Pods_testapp_stb.framework */ = {isa = PBXFileReference; explicitFileType = wrapper.framework; includeInIndex = 0; path = Pods_testapp_stb.framework; sourceTree = BUILT_PRODUCTS_DIR; };
		C5B6CFB872EEE11A2CBC82FD /* Pods-testapp_stb.debug.xcconfig */ = {isa = PBXFileReference; includeInIndex = 1; lastKnownFileType = text.xcconfig; name = "Pods-testapp_stb.debug.xcconfig"; path = "Target Support Files/Pods-testapp_stb/Pods-testapp_stb.debug.xcconfig"; sourceTree = "<group>"; };
		E0147BD82E353386EA49F3F3 /* Pods-testapp_stb.release.xcconfig */ = {isa = PBXFileReference; includeInIndex = 1; lastKnownFileType = text.xcconfig; name = "Pods-testapp_stb.release.xcconfig"; path = "Target Support Files/Pods-testapp_stb/Pods-testapp_stb.release.xcconfig"; sourceTree = "<group>"; };
		FE41AC512533733D00297D53 /* testapp_stb.app */ = {isa = PBXFileReference; explicitFileType = wrapper.application; includeInIndex = 0; path = testapp_stb.app; sourceTree = BUILT_PRODUCTS_DIR; };
		FE41AC542533733D00297D53 /* AppDelegate.swift */ = {isa = PBXFileReference; lastKnownFileType = sourcecode.swift; path = AppDelegate.swift; sourceTree = "<group>"; };
		FE41AC562533733D00297D53 /* SceneDelegate.swift */ = {isa = PBXFileReference; lastKnownFileType = sourcecode.swift; path = SceneDelegate.swift; sourceTree = "<group>"; };
		FE41AC5D2533733F00297D53 /* Assets.xcassets */ = {isa = PBXFileReference; lastKnownFileType = folder.assetcatalog; path = Assets.xcassets; sourceTree = "<group>"; };
		FE41AC622533733F00297D53 /* Info.plist */ = {isa = PBXFileReference; lastKnownFileType = text.plist.xml; path = Info.plist; sourceTree = "<group>"; };
		FE41AC672533733F00297D53 /* testapp_stbTests.xctest */ = {isa = PBXFileReference; explicitFileType = wrapper.cfbundle; includeInIndex = 0; path = testapp_stbTests.xctest; sourceTree = BUILT_PRODUCTS_DIR; };
		FE41AC6B2533733F00297D53 /* testapp_stbTests.swift */ = {isa = PBXFileReference; lastKnownFileType = sourcecode.swift; path = testapp_stbTests.swift; sourceTree = "<group>"; };
		FE41AC6D2533733F00297D53 /* Info.plist */ = {isa = PBXFileReference; lastKnownFileType = text.plist.xml; path = Info.plist; sourceTree = "<group>"; };
		FE41AC722533733F00297D53 /* testapp_stbUITests.xctest */ = {isa = PBXFileReference; explicitFileType = wrapper.cfbundle; includeInIndex = 0; path = testapp_stbUITests.xctest; sourceTree = BUILT_PRODUCTS_DIR; };
		FE41AC762533733F00297D53 /* testapp_stbUITests.swift */ = {isa = PBXFileReference; lastKnownFileType = sourcecode.swift; path = testapp_stbUITests.swift; sourceTree = "<group>"; };
		FE41AC782533733F00297D53 /* Info.plist */ = {isa = PBXFileReference; lastKnownFileType = text.plist.xml; path = Info.plist; sourceTree = "<group>"; };
		FE5829D4253D80E300D38C0C /* HomeViewController.xib */ = {isa = PBXFileReference; lastKnownFileType = file.xib; path = HomeViewController.xib; sourceTree = "<group>"; };
		FE5829D9253D876A00D38C0C /* ResultViewController.xib */ = {isa = PBXFileReference; lastKnownFileType = file.xib; path = ResultViewController.xib; sourceTree = "<group>"; };
		FE582A072540221200D38C0C /* TabBarViewController.swift */ = {isa = PBXFileReference; lastKnownFileType = sourcecode.swift; path = TabBarViewController.swift; sourceTree = "<group>"; };
		FE582A0F25403D4D00D38C0C /* HistoryViewController.swift */ = {isa = PBXFileReference; lastKnownFileType = sourcecode.swift; path = HistoryViewController.swift; sourceTree = "<group>"; };
		FE582A1425405F1F00D38C0C /* CardInputView.xib */ = {isa = PBXFileReference; lastKnownFileType = file.xib; path = CardInputView.xib; sourceTree = "<group>"; };
		FE582A1925405F3300D38C0C /* CardInputView.swift */ = {isa = PBXFileReference; lastKnownFileType = sourcecode.swift; path = CardInputView.swift; sourceTree = "<group>"; };
		FE582A2B254075C000D38C0C /* BaseViewXib.swift */ = {isa = PBXFileReference; lastKnownFileType = sourcecode.swift; path = BaseViewXib.swift; sourceTree = "<group>"; };
		FE582A3025407CFD00D38C0C /* HandInputView.swift */ = {isa = PBXFileReference; lastKnownFileType = sourcecode.swift; path = HandInputView.swift; sourceTree = "<group>"; };
		FE582A3525407D0800D38C0C /* HandInputView.xib */ = {isa = PBXFileReference; lastKnownFileType = file.xib; path = HandInputView.xib; sourceTree = "<group>"; };
		FE854ED32541A2C800DD215F /* HandHistoryView.swift */ = {isa = PBXFileReference; lastKnownFileType = sourcecode.swift; path = HandHistoryView.swift; sourceTree = "<group>"; };
		FE854ED82541A2F400DD215F /* HandHistoryView.xib */ = {isa = PBXFileReference; lastKnownFileType = file.xib; path = HandHistoryView.xib; sourceTree = "<group>"; };
		FE854EDD2541A6D300DD215F /* HandResultView.swift */ = {isa = PBXFileReference; lastKnownFileType = sourcecode.swift; path = HandResultView.swift; sourceTree = "<group>"; };
		FE854EE22541A6ED00DD215F /* HandResultView.xib */ = {isa = PBXFileReference; lastKnownFileType = file.xib; path = HandResultView.xib; sourceTree = "<group>"; };
		FE854EE92541B4DB00DD215F /* HistoryViewController.xib */ = {isa = PBXFileReference; lastKnownFileType = file.xib; path = HistoryViewController.xib; sourceTree = "<group>"; };
		FE854EEE2545CF7E00DD215F /* Response + Request.swift */ = {isa = PBXFileReference; lastKnownFileType = sourcecode.swift; path = "Response + Request.swift"; sourceTree = "<group>"; };
		FE854EFA2545F24100DD215F /* Extension.swift */ = {isa = PBXFileReference; lastKnownFileType = sourcecode.swift; path = Extension.swift; sourceTree = "<group>"; };
		FE854F062546195100DD215F /* ApiRouter.swift */ = {isa = PBXFileReference; lastKnownFileType = sourcecode.swift; path = ApiRouter.swift; sourceTree = "<group>"; };
		FE854F192546B61000DD215F /* MGConnection.swift */ = {isa = PBXFileReference; lastKnownFileType = sourcecode.swift; path = MGConnection.swift; sourceTree = "<group>"; };
		FE854F222546B71F00DD215F /* BaseResponseError.swift */ = {isa = PBXFileReference; lastKnownFileType = sourcecode.swift; path = BaseResponseError.swift; sourceTree = "<group>"; };
		FE854F372546E61E00DD215F /* HttpStatus.swift */ = {isa = PBXFileReference; lastKnownFileType = sourcecode.swift; path = HttpStatus.swift; sourceTree = "<group>"; };
		FE854F562547188800DD215F /* Card.swift */ = {isa = PBXFileReference; lastKnownFileType = sourcecode.swift; path = Card.swift; sourceTree = "<group>"; };
		FE854F5E25471C2D00DD215F /* RealmManager.swift */ = {isa = PBXFileReference; lastKnownFileType = sourcecode.swift; path = RealmManager.swift; sourceTree = "<group>"; };
		FE93575825416A7800BA41D2 /* Colors.swift */ = {isa = PBXFileReference; lastKnownFileType = sourcecode.swift; path = Colors.swift; sourceTree = "<group>"; };
		FEA46E4225346F6B0004571C /* ResultViewController.swift */ = {isa = PBXFileReference; lastKnownFileType = sourcecode.swift; path = ResultViewController.swift; sourceTree = "<group>"; };
		FEA46E56253491760004571C /* HomeViewController.swift */ = {isa = PBXFileReference; lastKnownFileType = sourcecode.swift; path = HomeViewController.swift; sourceTree = "<group>"; };
		FECAFA95254AB26F009839D5 /* NavigationBarView.swift */ = {isa = PBXFileReference; lastKnownFileType = sourcecode.swift; path = NavigationBarView.swift; sourceTree = "<group>"; };
		FECAFAA2254AB39A009839D5 /* NavigationBarView.xib */ = {isa = PBXFileReference; lastKnownFileType = file.xib; path = NavigationBarView.xib; sourceTree = "<group>"; };
/* End PBXFileReference section */

/* Begin PBXFrameworksBuildPhase section */
		FE41AC4E2533733D00297D53 /* Frameworks */ = {
			isa = PBXFrameworksBuildPhase;
			buildActionMask = 2147483647;
			files = (
				1C728ADE7B187F6F0EE90D59 /* Pods_testapp_stb.framework in Frameworks */,
			);
			runOnlyForDeploymentPostprocessing = 0;
		};
		FE41AC642533733F00297D53 /* Frameworks */ = {
			isa = PBXFrameworksBuildPhase;
			buildActionMask = 2147483647;
			files = (
			);
			runOnlyForDeploymentPostprocessing = 0;
		};
		FE41AC6F2533733F00297D53 /* Frameworks */ = {
			isa = PBXFrameworksBuildPhase;
			buildActionMask = 2147483647;
			files = (
			);
			runOnlyForDeploymentPostprocessing = 0;
		};
/* End PBXFrameworksBuildPhase section */

/* Begin PBXGroup section */
		4D7B109EF9F93498F6171069 /* Frameworks */ = {
			isa = PBXGroup;
			children = (
				7C8D4E0EC1153B3DB150E0A0 /* Pods_testapp_stb.framework */,
			);
			name = Frameworks;
			sourceTree = "<group>";
		};
		E0E8669B423DBBAFFD04E37B /* Pods */ = {
			isa = PBXGroup;
			children = (
				C5B6CFB872EEE11A2CBC82FD /* Pods-testapp_stb.debug.xcconfig */,
				E0147BD82E353386EA49F3F3 /* Pods-testapp_stb.release.xcconfig */,
			);
			path = Pods;
			sourceTree = "<group>";
		};
		FE41AC482533733D00297D53 = {
			isa = PBXGroup;
			children = (
				FE41AC532533733D00297D53 /* testapp_stb */,
				FE41AC6A2533733F00297D53 /* testapp_stbTests */,
				FE41AC752533733F00297D53 /* testapp_stbUITests */,
				FE41AC522533733D00297D53 /* Products */,
				E0E8669B423DBBAFFD04E37B /* Pods */,
				4D7B109EF9F93498F6171069 /* Frameworks */,
			);
			sourceTree = "<group>";
		};
		FE41AC522533733D00297D53 /* Products */ = {
			isa = PBXGroup;
			children = (
				FE41AC512533733D00297D53 /* testapp_stb.app */,
				FE41AC672533733F00297D53 /* testapp_stbTests.xctest */,
				FE41AC722533733F00297D53 /* testapp_stbUITests.xctest */,
			);
			name = Products;
			sourceTree = "<group>";
		};
		FE41AC532533733D00297D53 /* testapp_stb */ = {
			isa = PBXGroup;
			children = (
				FE854EF62545D1C100DD215F /* Utils */,
				FE9357632541727E00BA41D2 /* Models */,
				FE93575725416A2B00BA41D2 /* Static */,
				FEA46E2D253464280004571C /* Views */,
				FEA46E22253462630004571C /* Assests */,
				FEA46E17253454150004571C /* Common */,
				FE41AC622533733F00297D53 /* Info.plist */,
			);
			path = testapp_stb;
			sourceTree = "<group>";
		};
		FE41AC6A2533733F00297D53 /* testapp_stbTests */ = {
			isa = PBXGroup;
			children = (
				FE41AC6B2533733F00297D53 /* testapp_stbTests.swift */,
				FE41AC6D2533733F00297D53 /* Info.plist */,
			);
			path = testapp_stbTests;
			sourceTree = "<group>";
		};
		FE41AC752533733F00297D53 /* testapp_stbUITests */ = {
			isa = PBXGroup;
			children = (
				FE41AC762533733F00297D53 /* testapp_stbUITests.swift */,
				FE41AC782533733F00297D53 /* Info.plist */,
			);
			path = testapp_stbUITests;
			sourceTree = "<group>";
		};
		FE5829F125400A1F00D38C0C /* BaseView */ = {
			isa = PBXGroup;
			children = (
				FE5829F72540101A00D38C0C /* CustomView */,
				FE582A2B254075C000D38C0C /* BaseViewXib.swift */,
			);
			path = BaseView;
			sourceTree = "<group>";
		};
		FE5829F72540101A00D38C0C /* CustomView */ = {
			isa = PBXGroup;
			children = (
				FECAFA94254AB255009839D5 /* NavigationBar */,
				FE582A1425405F1F00D38C0C /* CardInputView.xib */,
				FE582A1925405F3300D38C0C /* CardInputView.swift */,
				FE582A3025407CFD00D38C0C /* HandInputView.swift */,
				FE582A3525407D0800D38C0C /* HandInputView.xib */,
				FE854ED32541A2C800DD215F /* HandHistoryView.swift */,
				FE854ED82541A2F400DD215F /* HandHistoryView.xib */,
				FE854EDD2541A6D300DD215F /* HandResultView.swift */,
				FE854EE22541A6ED00DD215F /* HandResultView.xib */,
			);
			path = CustomView;
			sourceTree = "<group>";
		};
		FE582A06254021FC00D38C0C /* BaseModule */ = {
			isa = PBXGroup;
			children = (
				FE582A072540221200D38C0C /* TabBarViewController.swift */,
			);
			path = BaseModule;
			sourceTree = "<group>";
		};
		FE582A242540680700D38C0C /* HistoryView */ = {
			isa = PBXGroup;
			children = (
				FE582A0F25403D4D00D38C0C /* HistoryViewController.swift */,
				FE854EE92541B4DB00DD215F /* HistoryViewController.xib */,
			);
			path = HistoryView;
			sourceTree = "<group>";
		};
		FE854EF62545D1C100DD215F /* Utils */ = {
			isa = PBXGroup;
			children = (
				FE854EFA2545F24100DD215F /* Extension.swift */,
				FE854F212546B6F700DD215F /* ApiRequest */,
				FE854F5E25471C2D00DD215F /* RealmManager.swift */,
			);
			path = Utils;
			sourceTree = "<group>";
		};
		FE854F022546169500DD215F /* ViewController */ = {
			isa = PBXGroup;
			children = (
				FE582A242540680700D38C0C /* HistoryView */,
				FEA46E2F2534643F0004571C /* ResultView */,
				FEA46E2E2534642F0004571C /* HomeView */,
			);
			path = ViewController;
			sourceTree = "<group>";
		};
		FE854F212546B6F700DD215F /* ApiRequest */ = {
			isa = PBXGroup;
			children = (
				FE854F192546B61000DD215F /* MGConnection.swift */,
				FE854F062546195100DD215F /* ApiRouter.swift */,
				FE854F222546B71F00DD215F /* BaseResponseError.swift */,
			);
			path = ApiRequest;
			sourceTree = "<group>";
		};
		FE93575725416A2B00BA41D2 /* Static */ = {
			isa = PBXGroup;
			children = (
				FE93575825416A7800BA41D2 /* Colors.swift */,
				FE854F372546E61E00DD215F /* HttpStatus.swift */,
			);
			path = Static;
			sourceTree = "<group>";
		};
		FE9357632541727E00BA41D2 /* Models */ = {
			isa = PBXGroup;
			children = (
				FE854EEE2545CF7E00DD215F /* Response + Request.swift */,
				FE854F562547188800DD215F /* Card.swift */,
			);
			path = Models;
			sourceTree = "<group>";
		};
		FEA46E17253454150004571C /* Common */ = {
			isa = PBXGroup;
			children = (
				FE41AC542533733D00297D53 /* AppDelegate.swift */,
				FE41AC562533733D00297D53 /* SceneDelegate.swift */,
			);
			path = Common;
			sourceTree = "<group>";
		};
		FEA46E22253462630004571C /* Assests */ = {
			isa = PBXGroup;
			children = (
				FE41AC5D2533733F00297D53 /* Assets.xcassets */,
			);
			path = Assests;
			sourceTree = "<group>";
		};
		FEA46E2D253464280004571C /* Views */ = {
			isa = PBXGroup;
			children = (
				FE854F022546169500DD215F /* ViewController */,
				FE582A06254021FC00D38C0C /* BaseModule */,
				FE5829F125400A1F00D38C0C /* BaseView */,
			);
			path = Views;
			sourceTree = "<group>";
		};
		FEA46E2E2534642F0004571C /* HomeView */ = {
			isa = PBXGroup;
			children = (
				FEA46E56253491760004571C /* HomeViewController.swift */,
				FE5829D4253D80E300D38C0C /* HomeViewController.xib */,
			);
			path = HomeView;
			sourceTree = "<group>";
		};
		FEA46E2F2534643F0004571C /* ResultView */ = {
			isa = PBXGroup;
			children = (
				FEA46E4225346F6B0004571C /* ResultViewController.swift */,
				FE5829D9253D876A00D38C0C /* ResultViewController.xib */,
			);
			path = ResultView;
			sourceTree = "<group>";
		};
		FECAFA94254AB255009839D5 /* NavigationBar */ = {
			isa = PBXGroup;
			children = (
				FECAFA95254AB26F009839D5 /* NavigationBarView.swift */,
				FECAFAA2254AB39A009839D5 /* NavigationBarView.xib */,
			);
			path = NavigationBar;
			sourceTree = "<group>";
		};
/* End PBXGroup section */

/* Begin PBXNativeTarget section */
		FE41AC502533733D00297D53 /* testapp_stb */ = {
			isa = PBXNativeTarget;
			buildConfigurationList = FE41AC7B2533733F00297D53 /* Build configuration list for PBXNativeTarget "testapp_stb" */;
			buildPhases = (
				43DAA743D06EBCF88CE11FA9 /* [CP] Check Pods Manifest.lock */,
				FE41AC4D2533733D00297D53 /* Sources */,
				FE41AC4E2533733D00297D53 /* Frameworks */,
				FE41AC4F2533733D00297D53 /* Resources */,
				8BBF4D3CFB4C599467C9BCDA /* [CP] Embed Pods Frameworks */,
			);
			buildRules = (
			);
			dependencies = (
			);
			name = testapp_stb;
			productName = testapp_stb;
			productReference = FE41AC512533733D00297D53 /* testapp_stb.app */;
			productType = "com.apple.product-type.application";
		};
		FE41AC662533733F00297D53 /* testapp_stbTests */ = {
			isa = PBXNativeTarget;
			buildConfigurationList = FE41AC7E2533733F00297D53 /* Build configuration list for PBXNativeTarget "testapp_stbTests" */;
			buildPhases = (
				FE41AC632533733F00297D53 /* Sources */,
				FE41AC642533733F00297D53 /* Frameworks */,
				FE41AC652533733F00297D53 /* Resources */,
			);
			buildRules = (
			);
			dependencies = (
				FE41AC692533733F00297D53 /* PBXTargetDependency */,
			);
			name = testapp_stbTests;
			productName = testapp_stbTests;
			productReference = FE41AC672533733F00297D53 /* testapp_stbTests.xctest */;
			productType = "com.apple.product-type.bundle.unit-test";
		};
		FE41AC712533733F00297D53 /* testapp_stbUITests */ = {
			isa = PBXNativeTarget;
			buildConfigurationList = FE41AC812533733F00297D53 /* Build configuration list for PBXNativeTarget "testapp_stbUITests" */;
			buildPhases = (
				FE41AC6E2533733F00297D53 /* Sources */,
				FE41AC6F2533733F00297D53 /* Frameworks */,
				FE41AC702533733F00297D53 /* Resources */,
			);
			buildRules = (
			);
			dependencies = (
				FE41AC742533733F00297D53 /* PBXTargetDependency */,
			);
			name = testapp_stbUITests;
			productName = testapp_stbUITests;
			productReference = FE41AC722533733F00297D53 /* testapp_stbUITests.xctest */;
			productType = "com.apple.product-type.bundle.ui-testing";
		};
/* End PBXNativeTarget section */

/* Begin PBXProject section */
		FE41AC492533733D00297D53 /* Project object */ = {
			isa = PBXProject;
			attributes = {
				LastSwiftUpdateCheck = 1200;
				LastUpgradeCheck = 1200;
				TargetAttributes = {
					FE41AC502533733D00297D53 = {
						CreatedOnToolsVersion = 12.0.1;
					};
					FE41AC662533733F00297D53 = {
						CreatedOnToolsVersion = 12.0.1;
						TestTargetID = FE41AC502533733D00297D53;
					};
					FE41AC712533733F00297D53 = {
						CreatedOnToolsVersion = 12.0.1;
						TestTargetID = FE41AC502533733D00297D53;
					};
				};
			};
			buildConfigurationList = FE41AC4C2533733D00297D53 /* Build configuration list for PBXProject "testapp_stb" */;
			compatibilityVersion = "Xcode 9.3";
			developmentRegion = en;
			hasScannedForEncodings = 0;
			knownRegions = (
				en,
				Base,
			);
			mainGroup = FE41AC482533733D00297D53;
			productRefGroup = FE41AC522533733D00297D53 /* Products */;
			projectDirPath = "";
			projectRoot = "";
			targets = (
				FE41AC502533733D00297D53 /* testapp_stb */,
				FE41AC662533733F00297D53 /* testapp_stbTests */,
				FE41AC712533733F00297D53 /* testapp_stbUITests */,
			);
		};
/* End PBXProject section */

/* Begin PBXResourcesBuildPhase section */
		FE41AC4F2533733D00297D53 /* Resources */ = {
			isa = PBXResourcesBuildPhase;
			buildActionMask = 2147483647;
			files = (
				FE41AC5E2533733F00297D53 /* Assets.xcassets in Resources */,
				FE5829D5253D80E300D38C0C /* HomeViewController.xib in Resources */,
				FE582A3625407D0800D38C0C /* HandInputView.xib in Resources */,
				FE854EEA2541B4DB00DD215F /* HistoryViewController.xib in Resources */,
				FECAFAA3254AB39A009839D5 /* NavigationBarView.xib in Resources */,
				FE5829DA253D876A00D38C0C /* ResultViewController.xib in Resources */,
				FE854ED92541A2F400DD215F /* HandHistoryView.xib in Resources */,
				FE582A1525405F2000D38C0C /* CardInputView.xib in Resources */,
				FE854EE32541A6ED00DD215F /* HandResultView.xib in Resources */,
			);
			runOnlyForDeploymentPostprocessing = 0;
		};
		FE41AC652533733F00297D53 /* Resources */ = {
			isa = PBXResourcesBuildPhase;
			buildActionMask = 2147483647;
			files = (
			);
			runOnlyForDeploymentPostprocessing = 0;
		};
		FE41AC702533733F00297D53 /* Resources */ = {
			isa = PBXResourcesBuildPhase;
			buildActionMask = 2147483647;
			files = (
			);
			runOnlyForDeploymentPostprocessing = 0;
		};
/* End PBXResourcesBuildPhase section */

/* Begin PBXShellScriptBuildPhase section */
		43DAA743D06EBCF88CE11FA9 /* [CP] Check Pods Manifest.lock */ = {
			isa = PBXShellScriptBuildPhase;
			buildActionMask = 2147483647;
			files = (
			);
			inputFileListPaths = (
			);
			inputPaths = (
				"${PODS_PODFILE_DIR_PATH}/Podfile.lock",
				"${PODS_ROOT}/Manifest.lock",
			);
			name = "[CP] Check Pods Manifest.lock";
			outputFileListPaths = (
			);
			outputPaths = (
				"$(DERIVED_FILE_DIR)/Pods-testapp_stb-checkManifestLockResult.txt",
			);
			runOnlyForDeploymentPostprocessing = 0;
			shellPath = /bin/sh;
			shellScript = "diff \"${PODS_PODFILE_DIR_PATH}/Podfile.lock\" \"${PODS_ROOT}/Manifest.lock\" > /dev/null\nif [ $? != 0 ] ; then\n    # print error to STDERR\n    echo \"error: The sandbox is not in sync with the Podfile.lock. Run 'pod install' or update your CocoaPods installation.\" >&2\n    exit 1\nfi\n# This output is used by Xcode 'outputs' to avoid re-running this script phase.\necho \"SUCCESS\" > \"${SCRIPT_OUTPUT_FILE_0}\"\n";
			showEnvVarsInLog = 0;
		};
		8BBF4D3CFB4C599467C9BCDA /* [CP] Embed Pods Frameworks */ = {
			isa = PBXShellScriptBuildPhase;
			buildActionMask = 2147483647;
			files = (
			);
			inputFileListPaths = (
				"${PODS_ROOT}/Target Support Files/Pods-testapp_stb/Pods-testapp_stb-frameworks-${CONFIGURATION}-input-files.xcfilelist",
			);
			name = "[CP] Embed Pods Frameworks";
			outputFileListPaths = (
				"${PODS_ROOT}/Target Support Files/Pods-testapp_stb/Pods-testapp_stb-frameworks-${CONFIGURATION}-output-files.xcfilelist",
			);
			runOnlyForDeploymentPostprocessing = 0;
			shellPath = /bin/sh;
			shellScript = "\"${PODS_ROOT}/Target Support Files/Pods-testapp_stb/Pods-testapp_stb-frameworks.sh\"\n";
			showEnvVarsInLog = 0;
		};
/* End PBXShellScriptBuildPhase section */

/* Begin PBXSourcesBuildPhase section */
		FE41AC4D2533733D00297D53 /* Sources */ = {
			isa = PBXSourcesBuildPhase;
			buildActionMask = 2147483647;
			files = (
				FE41AC552533733D00297D53 /* AppDelegate.swift in Sources */,
				FE854EEF2545CF7E00DD215F /* Response + Request.swift in Sources */,
				FE854F572547188800DD215F /* Card.swift in Sources */,
				FE41AC572533733D00297D53 /* SceneDelegate.swift in Sources */,
				FE854F072546195100DD215F /* ApiRouter.swift in Sources */,
				FECAFA96254AB270009839D5 /* NavigationBarView.swift in Sources */,
				FE582A1A25405F3400D38C0C /* CardInputView.swift in Sources */,
				FE854EFB2545F24200DD215F /* Extension.swift in Sources */,
				FE93575925416A7800BA41D2 /* Colors.swift in Sources */,
				FE854EDE2541A6D300DD215F /* HandResultView.swift in Sources */,
				FE854ED42541A2C800DD215F /* HandHistoryView.swift in Sources */,
				FE854F382546E61E00DD215F /* HttpStatus.swift in Sources */,
				FE854F232546B71F00DD215F /* BaseResponseError.swift in Sources */,
				FE854F5F25471C2D00DD215F /* RealmManager.swift in Sources */,
				FEA46E4325346F6B0004571C /* ResultViewController.swift in Sources */,
				FE582A082540221200D38C0C /* TabBarViewController.swift in Sources */,
				FE582A3125407CFD00D38C0C /* HandInputView.swift in Sources */,
				FE582A2C254075C000D38C0C /* BaseViewXib.swift in Sources */,
				FE582A1025403D4D00D38C0C /* HistoryViewController.swift in Sources */,
				FEA46E57253491760004571C /* HomeViewController.swift in Sources */,
				FE854F1A2546B61000DD215F /* MGConnection.swift in Sources */,
			);
			runOnlyForDeploymentPostprocessing = 0;
		};
		FE41AC632533733F00297D53 /* Sources */ = {
			isa = PBXSourcesBuildPhase;
			buildActionMask = 2147483647;
			files = (
				FE41AC6C2533733F00297D53 /* testapp_stbTests.swift in Sources */,
			);
			runOnlyForDeploymentPostprocessing = 0;
		};
		FE41AC6E2533733F00297D53 /* Sources */ = {
			isa = PBXSourcesBuildPhase;
			buildActionMask = 2147483647;
			files = (
				FE41AC772533733F00297D53 /* testapp_stbUITests.swift in Sources */,
			);
			runOnlyForDeploymentPostprocessing = 0;
		};
/* End PBXSourcesBuildPhase section */

/* Begin PBXTargetDependency section */
		FE41AC692533733F00297D53 /* PBXTargetDependency */ = {
			isa = PBXTargetDependency;
			target = FE41AC502533733D00297D53 /* testapp_stb */;
			targetProxy = FE41AC682533733F00297D53 /* PBXContainerItemProxy */;
		};
		FE41AC742533733F00297D53 /* PBXTargetDependency */ = {
			isa = PBXTargetDependency;
			target = FE41AC502533733D00297D53 /* testapp_stb */;
			targetProxy = FE41AC732533733F00297D53 /* PBXContainerItemProxy */;
		};
/* End PBXTargetDependency section */

/* Begin XCBuildConfiguration section */
		FE41AC792533733F00297D53 /* Debug */ = {
			isa = XCBuildConfiguration;
			buildSettings = {
				ALWAYS_SEARCH_USER_PATHS = NO;
				CLANG_ANALYZER_NONNULL = YES;
				CLANG_ANALYZER_NUMBER_OBJECT_CONVERSION = YES_AGGRESSIVE;
				CLANG_CXX_LANGUAGE_STANDARD = "gnu++14";
				CLANG_CXX_LIBRARY = "libc++";
				CLANG_ENABLE_MODULES = YES;
				CLANG_ENABLE_OBJC_ARC = YES;
				CLANG_ENABLE_OBJC_WEAK = YES;
				CLANG_WARN_BLOCK_CAPTURE_AUTORELEASING = YES;
				CLANG_WARN_BOOL_CONVERSION = YES;
				CLANG_WARN_COMMA = YES;
				CLANG_WARN_CONSTANT_CONVERSION = YES;
				CLANG_WARN_DEPRECATED_OBJC_IMPLEMENTATIONS = YES;
				CLANG_WARN_DIRECT_OBJC_ISA_USAGE = YES_ERROR;
				CLANG_WARN_DOCUMENTATION_COMMENTS = YES;
				CLANG_WARN_EMPTY_BODY = YES;
				CLANG_WARN_ENUM_CONVERSION = YES;
				CLANG_WARN_INFINITE_RECURSION = YES;
				CLANG_WARN_INT_CONVERSION = YES;
				CLANG_WARN_NON_LITERAL_NULL_CONVERSION = YES;
				CLANG_WARN_OBJC_IMPLICIT_RETAIN_SELF = YES;
				CLANG_WARN_OBJC_LITERAL_CONVERSION = YES;
				CLANG_WARN_OBJC_ROOT_CLASS = YES_ERROR;
				CLANG_WARN_QUOTED_INCLUDE_IN_FRAMEWORK_HEADER = YES;
				CLANG_WARN_RANGE_LOOP_ANALYSIS = YES;
				CLANG_WARN_STRICT_PROTOTYPES = YES;
				CLANG_WARN_SUSPICIOUS_MOVE = YES;
				CLANG_WARN_UNGUARDED_AVAILABILITY = YES_AGGRESSIVE;
				CLANG_WARN_UNREACHABLE_CODE = YES;
				CLANG_WARN__DUPLICATE_METHOD_MATCH = YES;
				COPY_PHASE_STRIP = NO;
				DEBUG_INFORMATION_FORMAT = dwarf;
				ENABLE_STRICT_OBJC_MSGSEND = YES;
				ENABLE_TESTABILITY = YES;
				GCC_C_LANGUAGE_STANDARD = gnu11;
				GCC_DYNAMIC_NO_PIC = NO;
				GCC_NO_COMMON_BLOCKS = YES;
				GCC_OPTIMIZATION_LEVEL = 0;
				GCC_PREPROCESSOR_DEFINITIONS = (
					"DEBUG=1",
					"$(inherited)",
				);
				GCC_WARN_64_TO_32_BIT_CONVERSION = YES;
				GCC_WARN_ABOUT_RETURN_TYPE = YES_ERROR;
				GCC_WARN_UNDECLARED_SELECTOR = YES;
				GCC_WARN_UNINITIALIZED_AUTOS = YES_AGGRESSIVE;
				GCC_WARN_UNUSED_FUNCTION = YES;
				GCC_WARN_UNUSED_VARIABLE = YES;
				IPHONEOS_DEPLOYMENT_TARGET = 14.0;
				MTL_ENABLE_DEBUG_INFO = INCLUDE_SOURCE;
				MTL_FAST_MATH = YES;
				ONLY_ACTIVE_ARCH = YES;
				SDKROOT = iphoneos;
				SWIFT_ACTIVE_COMPILATION_CONDITIONS = DEBUG;
				SWIFT_OPTIMIZATION_LEVEL = "-Onone";
			};
			name = Debug;
		};
		FE41AC7A2533733F00297D53 /* Release */ = {
			isa = XCBuildConfiguration;
			buildSettings = {
				ALWAYS_SEARCH_USER_PATHS = NO;
				CLANG_ANALYZER_NONNULL = YES;
				CLANG_ANALYZER_NUMBER_OBJECT_CONVERSION = YES_AGGRESSIVE;
				CLANG_CXX_LANGUAGE_STANDARD = "gnu++14";
				CLANG_CXX_LIBRARY = "libc++";
				CLANG_ENABLE_MODULES = YES;
				CLANG_ENABLE_OBJC_ARC = YES;
				CLANG_ENABLE_OBJC_WEAK = YES;
				CLANG_WARN_BLOCK_CAPTURE_AUTORELEASING = YES;
				CLANG_WARN_BOOL_CONVERSION = YES;
				CLANG_WARN_COMMA = YES;
				CLANG_WARN_CONSTANT_CONVERSION = YES;
				CLANG_WARN_DEPRECATED_OBJC_IMPLEMENTATIONS = YES;
				CLANG_WARN_DIRECT_OBJC_ISA_USAGE = YES_ERROR;
				CLANG_WARN_DOCUMENTATION_COMMENTS = YES;
				CLANG_WARN_EMPTY_BODY = YES;
				CLANG_WARN_ENUM_CONVERSION = YES;
				CLANG_WARN_INFINITE_RECURSION = YES;
				CLANG_WARN_INT_CONVERSION = YES;
				CLANG_WARN_NON_LITERAL_NULL_CONVERSION = YES;
				CLANG_WARN_OBJC_IMPLICIT_RETAIN_SELF = YES;
				CLANG_WARN_OBJC_LITERAL_CONVERSION = YES;
				CLANG_WARN_OBJC_ROOT_CLASS = YES_ERROR;
				CLANG_WARN_QUOTED_INCLUDE_IN_FRAMEWORK_HEADER = YES;
				CLANG_WARN_RANGE_LOOP_ANALYSIS = YES;
				CLANG_WARN_STRICT_PROTOTYPES = YES;
				CLANG_WARN_SUSPICIOUS_MOVE = YES;
				CLANG_WARN_UNGUARDED_AVAILABILITY = YES_AGGRESSIVE;
				CLANG_WARN_UNREACHABLE_CODE = YES;
				CLANG_WARN__DUPLICATE_METHOD_MATCH = YES;
				COPY_PHASE_STRIP = NO;
				DEBUG_INFORMATION_FORMAT = "dwarf-with-dsym";
				ENABLE_NS_ASSERTIONS = NO;
				ENABLE_STRICT_OBJC_MSGSEND = YES;
				GCC_C_LANGUAGE_STANDARD = gnu11;
				GCC_NO_COMMON_BLOCKS = YES;
				GCC_WARN_64_TO_32_BIT_CONVERSION = YES;
				GCC_WARN_ABOUT_RETURN_TYPE = YES_ERROR;
				GCC_WARN_UNDECLARED_SELECTOR = YES;
				GCC_WARN_UNINITIALIZED_AUTOS = YES_AGGRESSIVE;
				GCC_WARN_UNUSED_FUNCTION = YES;
				GCC_WARN_UNUSED_VARIABLE = YES;
				IPHONEOS_DEPLOYMENT_TARGET = 14.0;
				MTL_ENABLE_DEBUG_INFO = NO;
				MTL_FAST_MATH = YES;
				SDKROOT = iphoneos;
				SWIFT_COMPILATION_MODE = wholemodule;
				SWIFT_OPTIMIZATION_LEVEL = "-O";
				VALIDATE_PRODUCT = YES;
			};
			name = Release;
		};
		FE41AC7C2533733F00297D53 /* Debug */ = {
			isa = XCBuildConfiguration;
			baseConfigurationReference = C5B6CFB872EEE11A2CBC82FD /* Pods-testapp_stb.debug.xcconfig */;
			buildSettings = {
				ASSETCATALOG_COMPILER_APPICON_NAME = AppIcon;
				ASSETCATALOG_COMPILER_GLOBAL_ACCENT_COLOR_NAME = AccentColor;
				CODE_SIGN_STYLE = Automatic;
				INFOPLIST_FILE = testapp_stb/Info.plist;
				LD_RUNPATH_SEARCH_PATHS = (
					"$(inherited)",
					"@executable_path/Frameworks",
				);
				PRODUCT_BUNDLE_IDENTIFIER = "jp.co.netprotections.testapp-stb";
				PRODUCT_NAME = "$(TARGET_NAME)";
				SWIFT_VERSION = 5.0;
				TARGETED_DEVICE_FAMILY = "1,2";
			};
			name = Debug;
		};
		FE41AC7D2533733F00297D53 /* Release */ = {
			isa = XCBuildConfiguration;
			baseConfigurationReference = E0147BD82E353386EA49F3F3 /* Pods-testapp_stb.release.xcconfig */;
			buildSettings = {
				ASSETCATALOG_COMPILER_APPICON_NAME = AppIcon;
				ASSETCATALOG_COMPILER_GLOBAL_ACCENT_COLOR_NAME = AccentColor;
				CODE_SIGN_STYLE = Automatic;
				INFOPLIST_FILE = testapp_stb/Info.plist;
				LD_RUNPATH_SEARCH_PATHS = (
					"$(inherited)",
					"@executable_path/Frameworks",
				);
				PRODUCT_BUNDLE_IDENTIFIER = "jp.co.netprotections.testapp-stb";
				PRODUCT_NAME = "$(TARGET_NAME)";
				SWIFT_VERSION = 5.0;
				TARGETED_DEVICE_FAMILY = "1,2";
			};
			name = Release;
		};
		FE41AC7F2533733F00297D53 /* Debug */ = {
			isa = XCBuildConfiguration;
			buildSettings = {
				ALWAYS_EMBED_SWIFT_STANDARD_LIBRARIES = YES;
				BUNDLE_LOADER = "$(TEST_HOST)";
				CODE_SIGN_STYLE = Automatic;
				INFOPLIST_FILE = testapp_stbTests/Info.plist;
				IPHONEOS_DEPLOYMENT_TARGET = 14.0;
				LD_RUNPATH_SEARCH_PATHS = (
					"$(inherited)",
					"@executable_path/Frameworks",
					"@loader_path/Frameworks",
				);
				PRODUCT_BUNDLE_IDENTIFIER = "jp.co.netprotections.testapp-stbTests";
				PRODUCT_NAME = "$(TARGET_NAME)";
				SWIFT_VERSION = 5.0;
				TARGETED_DEVICE_FAMILY = "1,2";
				TEST_HOST = "$(BUILT_PRODUCTS_DIR)/testapp_stb.app/testapp_stb";
			};
			name = Debug;
		};
		FE41AC802533733F00297D53 /* Release */ = {
			isa = XCBuildConfiguration;
			buildSettings = {
				ALWAYS_EMBED_SWIFT_STANDARD_LIBRARIES = YES;
				BUNDLE_LOADER = "$(TEST_HOST)";
				CODE_SIGN_STYLE = Automatic;
				INFOPLIST_FILE = testapp_stbTests/Info.plist;
				IPHONEOS_DEPLOYMENT_TARGET = 14.0;
				LD_RUNPATH_SEARCH_PATHS = (
					"$(inherited)",
					"@executable_path/Frameworks",
					"@loader_path/Frameworks",
				);
				PRODUCT_BUNDLE_IDENTIFIER = "jp.co.netprotections.testapp-stbTests";
				PRODUCT_NAME = "$(TARGET_NAME)";
				SWIFT_VERSION = 5.0;
				TARGETED_DEVICE_FAMILY = "1,2";
				TEST_HOST = "$(BUILT_PRODUCTS_DIR)/testapp_stb.app/testapp_stb";
			};
			name = Release;
		};
		FE41AC822533733F00297D53 /* Debug */ = {
			isa = XCBuildConfiguration;
			buildSettings = {
				ALWAYS_EMBED_SWIFT_STANDARD_LIBRARIES = YES;
				CODE_SIGN_STYLE = Automatic;
				INFOPLIST_FILE = testapp_stbUITests/Info.plist;
				LD_RUNPATH_SEARCH_PATHS = (
					"$(inherited)",
					"@executable_path/Frameworks",
					"@loader_path/Frameworks",
				);
				PRODUCT_BUNDLE_IDENTIFIER = "jp.co.netprotections.testapp-stbUITests";
				PRODUCT_NAME = "$(TARGET_NAME)";
				SWIFT_VERSION = 5.0;
				TARGETED_DEVICE_FAMILY = "1,2";
				TEST_TARGET_NAME = testapp_stb;
			};
			name = Debug;
		};
		FE41AC832533733F00297D53 /* Release */ = {
			isa = XCBuildConfiguration;
			buildSettings = {
				ALWAYS_EMBED_SWIFT_STANDARD_LIBRARIES = YES;
				CODE_SIGN_STYLE = Automatic;
				INFOPLIST_FILE = testapp_stbUITests/Info.plist;
				LD_RUNPATH_SEARCH_PATHS = (
					"$(inherited)",
					"@executable_path/Frameworks",
					"@loader_path/Frameworks",
				);
				PRODUCT_BUNDLE_IDENTIFIER = "jp.co.netprotections.testapp-stbUITests";
				PRODUCT_NAME = "$(TARGET_NAME)";
				SWIFT_VERSION = 5.0;
				TARGETED_DEVICE_FAMILY = "1,2";
				TEST_TARGET_NAME = testapp_stb;
			};
			name = Release;
		};
/* End XCBuildConfiguration section */

/* Begin XCConfigurationList section */
		FE41AC4C2533733D00297D53 /* Build configuration list for PBXProject "testapp_stb" */ = {
			isa = XCConfigurationList;
			buildConfigurations = (
				FE41AC792533733F00297D53 /* Debug */,
				FE41AC7A2533733F00297D53 /* Release */,
			);
			defaultConfigurationIsVisible = 0;
			defaultConfigurationName = Release;
		};
		FE41AC7B2533733F00297D53 /* Build configuration list for PBXNativeTarget "testapp_stb" */ = {
			isa = XCConfigurationList;
			buildConfigurations = (
				FE41AC7C2533733F00297D53 /* Debug */,
				FE41AC7D2533733F00297D53 /* Release */,
			);
			defaultConfigurationIsVisible = 0;
			defaultConfigurationName = Release;
		};
		FE41AC7E2533733F00297D53 /* Build configuration list for PBXNativeTarget "testapp_stbTests" */ = {
			isa = XCConfigurationList;
			buildConfigurations = (
				FE41AC7F2533733F00297D53 /* Debug */,
				FE41AC802533733F00297D53 /* Release */,
			);
			defaultConfigurationIsVisible = 0;
			defaultConfigurationName = Release;
		};
		FE41AC812533733F00297D53 /* Build configuration list for PBXNativeTarget "testapp_stbUITests" */ = {
			isa = XCConfigurationList;
			buildConfigurations = (
				FE41AC822533733F00297D53 /* Debug */,
				FE41AC832533733F00297D53 /* Release */,
			);
			defaultConfigurationIsVisible = 0;
			defaultConfigurationName = Release;
		};
/* End XCConfigurationList section */
	};
	rootObject = FE41AC492533733D00297D53 /* Project object */;
}
